hash: e79ad33d786e57a0e0cb6a0533f40e4981ffcc551de00e9a1dea3da267fd6b7f
updated: 2017-08-11T11:58:52.814771143+09:00
imports:
- name: github.com/codesuki/go-time-series
  version: 887e3cebe04ba86d32a711d5f6fff7d504bde59e
testImports:
- name: github.com/benbjohnson/clock
  version: 7dc76406b6d3c05b5f71a86293cbcf3c4ea03b19
